{
  "name": "kids-playground",
  "lockfileVersion": 3,
  "requires": true,
  "packages": {
    "": {
      "name": "kids-playground",
      "devDependencies": {
        "@fontsource/jua": "^5.3.0",
        "@iconify-json/fluent-emoji": "^1.2.7",
        "playwright": "1.56.1",
        "unicode-emoji-json": "^0.8.0"
      }
    },
    "node_modules/@fontsource/jua": {
      "version": "5.3.0",
      "resolved": "https://registry.npmjs.org/@fontsource/jua/-/jua-5.3.0.tgz",
      "integrity": "sha512-k9ZTVYVqY4WxiDl55Udf2mLHca+voxTeIZ7qvLZUmR3VaUqM+RCZDYigEj1iKgV0Gx90NvzJy4CQpEPjDHBisA==",
      "dev": true,
      "license": "OFL-1.1",
      "funding": {
        "url": "https://github.com/sponsors/ayuhito"
      }
    },
    "node_modules/@iconify-json/fluent-emoji": {
      "version": "1.2.7",
      "resolved": "https://registry.npmjs.org/@iconify-json/fluent-emoji/-/fluent-emoji-1.2.7.tgz",
      "integrity": "sha512-D8G6bKAyIsyxP1rzZtIWr/gg/fO4Rg1+DyCWlfqKK4h8W+4Em/Y0P6QYgJUQTlUcagzJvSyg+9OBv4hz4Hc/QA==",
      "dev": true,
      "license": "MIT",
      "dependencies": {
        "@iconify/types": "*"
      }
    },
    "node_modules/@iconify/types": {
      "version": "2.0.0",
      "resolved": "https://registry.npmjs.org/@iconify/types/-/types-2.0.0.tgz",
      "integrity": "sha512-+wluvCrRhXrhyOmRDJ3q8mux9JkKy5SJ/v8ol2tu4FVjyYvtEzkc/3pK15ET6RKg4b4w4BmTk1+gsCUhf21Ykg==",
      "dev": true,
      "license": "MIT"
    },
    "node_modules/fsevents": {
      "version": "2.3.2",
      "resolved": "https://registry.npmjs.org/fsevents/-/fsevents-2.3.2.tgz",
      "integrity": "sha512-xiqMQR4xAeHTuB9uWm+fFRcIOgKBMiOBP+eXiyT7jsgVCq1bkVygt00oASowB7EdtpOHaaPgKt812P9ab+DDKA==",
      "dev": true,
      "hasInstallScript": true,
      "license": "MIT",
      "optional": true,
      "os": [
        "darwin"
      ],
      "engines": {
        "node": "^8.16.0 || ^10.6.0 || >=11.0.0"
      }
    },
    "node_modules/playwright": {
      "version": "1.56.1",
      "resolved": "https://registry.npmjs.org/playwright/-/playwright-1.56.1.tgz",
      "integrity": "sha512-aFi5B0WovBHTEvpM3DzXTUaeN6eN0qWnTkKx4NQaH4Wvcmc153PdaY2UBdSYKaGYw+UyWXSVyxDUg5DoPEttjw==",
      "dev": true,
      "license": "Apache-2.0",
      "dependencies": {
        "playwright-core": "1.56.1"
      },
      "bin": {
        "playwright": "cli.js"
      },
      "engines": {
        "node": ">=18"
      },
      "optionalDependencies": {
        "fsevents": "2.3.2"
      }
    },
    "node_modules/playwright-core": {
      "version": "1.56.1",
      "resolved": "https://registry.npmjs.org/playwright-core/-/playwright-core-1.56.1.tgz",
      "integrity": "sha512-hutraynyn31F+Bifme+Ps9Vq59hKuUCz7H1kDOcBs+2oGguKkWTU50bBWrtz34OUWmIwpBTWDxaRPXrIXkgvmQ==",
      "dev": true,
      "license": "Apache-2.0",
      "bin": {
        "playwright-core": "cli.js"
      },
      "engines": {
        "node": ">=18"
      }
    },
    "node_modules/unicode-emoji-json": {
      "version": "0.8.0",
      "resolved": "https://registry.npmjs.org/unicode-emoji-json/-/unicode-emoji-json-0.8.0.tgz",
      "integrity": "sha512-3wDXXvp6YGoKGhS2O2H7+V+bYduOBydN1lnI0uVfr1cIdY02uFFiEH1i3kE5CCE4l6UqbLKVmEFW9USxTAMD1g==",
      "dev": true,
      "license": "MIT"
    }
  }
}
